
Microsoft Visual Studio Solution File, Format Version 12.00
# Visual Studio 15
VisualStudioVersion = 15.0.28307.136
MinimumVisualStudioVersion = 10.0.40219.1
Project("{9A19103F-16F7-4668-BE54-9A1E7A4F7556}") = "BlueDiscosOnline.API", "BlueDiscosOnline.API\BlueDiscosOnline.API.csproj", "{099924D1-6C3C-4F10-A7E0-E56EFB729E58}"
EndProject
Project("{9A19103F-16F7-4668-BE54-9A1E7A4F7556}") = "BlueDiscosOnline.Domain", "BlueDiscosOnline.Domain\BlueDiscosOnline.Domain.csproj", "{6CB42B6C-1683-4BD0-A1D6-BE26B895A401}"
EndProject
Project("{9A19103F-16F7-4668-BE54-9A1E7A4F7556}") = "BlueDiscosOnline.Common", "BlueDiscosOnline.Common\BlueDiscosOnline.Common.csproj", "{69A84732-B18D-408D-BCFC-B7C176B76D10}"
EndProject
Project("{9A19103F-16F7-4668-BE54-9A1E7A4F7556}") = "BlueDiscosOnline.Infrastructure", "BlueDiscosOnline.Infrastructure\BlueDiscosOnline.Infrastructure.csproj", "{84ED8BE6-C842-462C-8476-16767F76EEF7}"
EndProject
Project("{FAE04EC0-301F-11D3-BF4B-00C04F79EFBC}") = "BlueDiscosOnline.Services", "BlueDiscosOnline.Services\BlueDiscosOnline.Services.csproj", "{AB05A6D3-7059-43DD-AEFB-9EBE3EC6A6E3}"
EndProject
Global
	GlobalSection(SolutionConfigurationPlatforms) = preSolution
		Debug|Any CPU = Debug|Any CPU
		Release|Any CPU = Release|Any CPU
	EndGlobalSection
	GlobalSection(ProjectConfigurationPlatforms) = postSolution
		{099924D1-6C3C-4F10-A7E0-E56EFB729E58}.Debug|Any CPU.ActiveCfg = Debug|Any CPU
		{099924D1-6C3C-4F10-A7E0-E56EFB729E58}.Debug|Any CPU.Build.0 = Debug|Any CPU
		{099924D1-6C3C-4F10-A7E0-E56EFB729E58}.Release|Any CPU.ActiveCfg = Release|Any CPU
		{099924D1-6C3C-4F10-A7E0-E56EFB729E58}.Release|Any CPU.Build.0 = Release|Any CPU
		{6CB42B6C-1683-4BD0-A1D6-BE26B895A401}.Debug|Any CPU.ActiveCfg = Debug|Any CPU
		{6CB42B6C-1683-4BD0-A1D6-BE26B895A401}.Debug|Any CPU.Build.0 = Debug|Any CPU
		{6CB42B6C-1683-4BD0-A1D6-BE26B895A401}.Release|Any CPU.ActiveCfg = Release|Any CPU
		{6CB42B6C-1683-4BD0-A1D6-BE26B895A401}.Release|Any CPU.Build.0 = Release|Any CPU
		{69A84732-B18D-408D-BCFC-B7C176B76D10}.Debug|Any CPU.ActiveCfg = Debug|Any CPU
		{69A84732-B18D-408D-BCFC-B7C176B76D10}.Debug|Any CPU.Build.0 = Debug|Any CPU
		{69A84732-B18D-408D-BCFC-B7C176B76D10}.Release|Any CPU.ActiveCfg = Release|Any CPU
		{69A84732-B18D-408D-BCFC-B7C176B76D10}.Release|Any CPU.Build.0 = Release|Any CPU
		{84ED8BE6-C842-462C-8476-16767F76EEF7}.Debug|Any CPU.ActiveCfg = Debug|Any CPU
		{84ED8BE6-C842-462C-8476-16767F76EEF7}.Debug|Any CPU.Build.0 = Debug|Any CPU
		{84ED8BE6-C842-462C-8476-16767F76EEF7}.Release|Any CPU.ActiveCfg = Release|Any CPU
		{84ED8BE6-C842-462C-8476-16767F76EEF7}.Release|Any CPU.Build.0 = Release|Any CPU
		{AB05A6D3-7059-43DD-AEFB-9EBE3EC6A6E3}.Debug|Any CPU.ActiveCfg = Debug|Any CPU
		{AB05A6D3-7059-43DD-AEFB-9EBE3EC6A6E3}.Debug|Any CPU.Build.0 = Debug|Any CPU
		{AB05A6D3-7059-43DD-AEFB-9EBE3EC6A6E3}.Release|Any CPU.ActiveCfg = Release|Any CPU
		{AB05A6D3-7059-43DD-AEFB-9EBE3EC6A6E3}.Release|Any CPU.Build.0 = Release|Any CPU
	EndGlobalSection
	GlobalSection(SolutionProperties) = preSolution
		HideSolutionNode = FALSE
	EndGlobalSection
	GlobalSection(ExtensibilityGlobals) = postSolution
		SolutionGuid = {02CB077D-FBDC-44EB-B4C4-1741DE4D0107}
	EndGlobalSection
EndGlobal
